
Microsoft Visual Studio Solution File, Format Version 12.00
# Visual Studio Version 17
VisualStudioVersion = 17.4.33213.308
MinimumVisualStudioVersion = 10.0.40219.1
Project("{9A19103F-16F7-4668-BE54-9A1E7A4F7556}") = "TimeTrackerApi", "TimeTrackerApi\TimeTrackerApi.csproj", "{04C15518-A332-4452-85A0-33167BA57AFE}"
EndProject
Project("{9A19103F-16F7-4668-BE54-9A1E7A4F7556}") = "TimeTracker", "TimeTracker\TimeTracker.csproj", "{22970BA3-EE81-4173-9DA9-23D85F2B7249}"
EndProject
Global
	GlobalSection(SolutionConfigurationPlatforms) = preSolution
		Debug|Any CPU = Debug|Any CPU
		Release|Any CPU = Release|Any CPU
	EndGlobalSection
	GlobalSection(ProjectConfigurationPlatforms) = postSolution
		{04C15518-A332-4452-85A0-33167BA57AFE}.Debug|Any CPU.ActiveCfg = Debug|Any CPU
		{04C15518-A332-4452-85A0-33167BA57AFE}.Debug|Any CPU.Build.0 = Debug|Any CPU
		{04C15518-A332-4452-85A0-33167BA57AFE}.Release|Any CPU.ActiveCfg = Release|Any CPU
		{04C15518-A332-4452-85A0-33167BA57AFE}.Release|Any CPU.Build.0 = Release|Any CPU
		{22970BA3-EE81-4173-9DA9-23D85F2B7249}.Debug|Any CPU.ActiveCfg = Debug|Any CPU
		{22970BA3-EE81-4173-9DA9-23D85F2B7249}.Debug|Any CPU.Build.0 = Debug|Any CPU
		{22970BA3-EE81-4173-9DA9-23D85F2B7249}.Release|Any CPU.ActiveCfg = Release|Any CPU
		{22970BA3-EE81-4173-9DA9-23D85F2B7249}.Release|Any CPU.Build.0 = Release|Any CPU
	EndGlobalSection
	GlobalSection(SolutionProperties) = preSolution
		HideSolutionNode = FALSE
	EndGlobalSection
	GlobalSection(ExtensibilityGlobals) = postSolution
		SolutionGuid = {CB55E18D-6333-4FF4-B420-416503B41977}
	EndGlobalSection
EndGlobal
