Microsoft Visual Studio Solution File, Format Version 12.00
# Visual Studio Version 17
VisualStudioVersion = 17.8.34330.188
MinimumVisualStudioVersion = 10.0.40219.1
Project("{9A19103F-16F7-4668-BE54-9A1E7A4F7556}") = "timeTrackerApi", "timeTrackerApi.csproj", "{97D3E8EC-E433-452F-871D-B5192BD43601}"
EndProject
Global
	GlobalSection(SolutionConfigurationPlatforms) = preSolution
		Debug|Any CPU = Debug|Any CPU
		Release|Any CPU = Release|Any CPU
	EndGlobalSection
	GlobalSection(ProjectConfigurationPlatforms) = postSolution
		{97D3E8EC-E433-452F-871D-B5192BD43601}.Debug|Any CPU.ActiveCfg = Debug|Any CPU
		{97D3E8EC-E433-452F-871D-B5192BD43601}.Debug|Any CPU.Build.0 = Debug|Any CPU
		{97D3E8EC-E433-452F-871D-B5192BD43601}.Release|Any CPU.ActiveCfg = Release|Any CPU
		{97D3E8EC-E433-452F-871D-B5192BD43601}.Release|Any CPU.Build.0 = Release|Any CPU
	EndGlobalSection
	GlobalSection(SolutionProperties) = preSolution
		HideSolutionNode = FALSE
	EndGlobalSection
	GlobalSection(ExtensibilityGlobals) = postSolution
		SolutionGuid = {083CABDE-4627-4174-B639-B804C9597D93}
	EndGlobalSection
EndGlobal
